
Microsoft Visual Studio Solution File, Format Version 12.00
# Visual Studio 2013
VisualStudioVersion = 12.0.21005.1
MinimumVisualStudioVersion = 10.0.40219.1
Project("{FAE04EC0-301F-11D3-BF4B-00C04F79EFBC}") = "mavlinkscope", "mavlinkscope.csproj", "{7BB0BD51-0888-4E16-A603-8BE41A0B0FF7}"
EndProject
Project("{FAE04EC0-301F-11D3-BF4B-00C04F79EFBC}") = "mavlinkprotocol", "..\mavlink-generated\mavlinkprotocol.csproj", "{D69CED4A-0F4B-43A7-BFC4-A274C30BD567}"
EndProject
Project("{FAE04EC0-301F-11D3-BF4B-00C04F79EFBC}") = "mavlink-udp", "..\mavlink-udp\mavlink-udp.csproj", "{AE62057A-923D-4587-A439-9F18A9EC7306}"
EndProject
Global
	GlobalSection(SolutionConfigurationPlatforms) = preSolution
		Debug|Any CPU = Debug|Any CPU
		Release|Any CPU = Release|Any CPU
	EndGlobalSection
	GlobalSection(ProjectConfigurationPlatforms) = postSolution
		{7BB0BD51-0888-4E16-A603-8BE41A0B0FF7}.Debug|Any CPU.ActiveCfg = Debug|Any CPU
		{7BB0BD51-0888-4E16-A603-8BE41A0B0FF7}.Debug|Any CPU.Build.0 = Debug|Any CPU
		{7BB0BD51-0888-4E16-A603-8BE41A0B0FF7}.Release|Any CPU.ActiveCfg = Release|Any CPU
		{7BB0BD51-0888-4E16-A603-8BE41A0B0FF7}.Release|Any CPU.Build.0 = Release|Any CPU
		{D69CED4A-0F4B-43A7-BFC4-A274C30BD567}.Debug|Any CPU.ActiveCfg = Debug|Any CPU
		{D69CED4A-0F4B-43A7-BFC4-A274C30BD567}.Debug|Any CPU.Build.0 = Debug|Any CPU
		{D69CED4A-0F4B-43A7-BFC4-A274C30BD567}.Release|Any CPU.ActiveCfg = Release|Any CPU
		{D69CED4A-0F4B-43A7-BFC4-A274C30BD567}.Release|Any CPU.Build.0 = Release|Any CPU
		{AE62057A-923D-4587-A439-9F18A9EC7306}.Debug|Any CPU.ActiveCfg = Debug|Any CPU
		{AE62057A-923D-4587-A439-9F18A9EC7306}.Debug|Any CPU.Build.0 = Debug|Any CPU
		{AE62057A-923D-4587-A439-9F18A9EC7306}.Release|Any CPU.ActiveCfg = Release|Any CPU
		{AE62057A-923D-4587-A439-9F18A9EC7306}.Release|Any CPU.Build.0 = Release|Any CPU
	EndGlobalSection
	GlobalSection(SolutionProperties) = preSolution
		HideSolutionNode = FALSE
	EndGlobalSection
EndGlobal
